
Microsoft Visual Studio Solution File, Format Version 12.00
# Visual Studio 2013
VisualStudioVersion = 12.0.31101.0
MinimumVisualStudioVersion = 10.0.40219.1
Project("{F184B08F-C81C-45F6-A57F-5ABD9991F28F}") = "Add_InWx", "Add_InWx\Add_InWx.vbproj", "{94DD1EE6-2C94-4EF1-BC30-667265BD9D9E}"
	ProjectSection(ProjectDependencies) = postProject
		{F6966710-F330-4B1E-A98F-831CF1BED452} = {F6966710-F330-4B1E-A98F-831CF1BED452}
	EndProjectSection
EndProject
Project("{FAE04EC0-301F-11D3-BF4B-00C04F79EFBC}") = "CWOP_Uploader", "CWOP_Uploader\CWOP_Uploader.csproj", "{DB36295D-C88A-4B08-96D8-3ECBFFC5A585}"
	ProjectSection(ProjectDependencies) = postProject
		{F6966710-F330-4B1E-A98F-831CF1BED452} = {F6966710-F330-4B1E-A98F-831CF1BED452}
	EndProjectSection
EndProject
Project("{FAE04EC0-301F-11D3-BF4B-00C04F79EFBC}") = "MultiThreadbindableCollection", "ClassLibrary1\MultiThreadbindableCollection.csproj", "{5C998A92-46F9-496B-B928-7477AF5CBBD2}"
EndProject
Project("{FAE04EC0-301F-11D3-BF4B-00C04F79EFBC}") = "WUdergroundUpload", "WUdergroundUpload\WUdergroundUpload.csproj", "{E3DA689D-BECF-4B39-AD32-DA27B699167B}"
EndProject
Project("{FAE04EC0-301F-11D3-BF4B-00C04F79EFBC}") = "Station_List", "Station_List\Station_List.csproj", "{23412064-CEE5-4432-973E-7BEE9CD99781}"
EndProject
Project("{2150E333-8FDC-42A3-9474-1A3956D46DE8}") = "External Plugins", "External Plugins", "{B53198A0-4A63-489E-9315-41BCB738E5DE}"
EndProject
Project("{FAE04EC0-301F-11D3-BF4B-00C04F79EFBC}") = "Wunderground Forecast", "Wunderground Forecast\Wunderground Forecast.csproj", "{46F7509E-92F2-4DEA-9190-FA86699BD506}"
EndProject
Project("{FAE04EC0-301F-11D3-BF4B-00C04F79EFBC}") = "API", "API\API.csproj", "{F6966710-F330-4B1E-A98F-831CF1BED452}"
EndProject
Project("{FAE04EC0-301F-11D3-BF4B-00C04F79EFBC}") = "SteelSeriesGauges", "SteelSeriesGauges\SteelSeriesGauges.csproj", "{8CC65980-CAD9-40D4-A01B-46AC80FCF273}"
EndProject
Global
	GlobalSection(SolutionConfigurationPlatforms) = preSolution
		CD_ROM|Any CPU = CD_ROM|Any CPU
		Debug|Any CPU = Debug|Any CPU
		DVD-5|Any CPU = DVD-5|Any CPU
		Release|Any CPU = Release|Any CPU
		SingleImage|Any CPU = SingleImage|Any CPU
	EndGlobalSection
	GlobalSection(ProjectConfigurationPlatforms) = postSolution
		{94DD1EE6-2C94-4EF1-BC30-667265BD9D9E}.CD_ROM|Any CPU.ActiveCfg = Release|Any CPU
		{94DD1EE6-2C94-4EF1-BC30-667265BD9D9E}.CD_ROM|Any CPU.Build.0 = Release|Any CPU
		{94DD1EE6-2C94-4EF1-BC30-667265BD9D9E}.Debug|Any CPU.ActiveCfg = Debug|Any CPU
		{94DD1EE6-2C94-4EF1-BC30-667265BD9D9E}.Debug|Any CPU.Build.0 = Debug|Any CPU
		{94DD1EE6-2C94-4EF1-BC30-667265BD9D9E}.DVD-5|Any CPU.ActiveCfg = Debug|Any CPU
		{94DD1EE6-2C94-4EF1-BC30-667265BD9D9E}.DVD-5|Any CPU.Build.0 = Debug|Any CPU
		{94DD1EE6-2C94-4EF1-BC30-667265BD9D9E}.Release|Any CPU.ActiveCfg = Release|Any CPU
		{94DD1EE6-2C94-4EF1-BC30-667265BD9D9E}.Release|Any CPU.Build.0 = Release|Any CPU
		{94DD1EE6-2C94-4EF1-BC30-667265BD9D9E}.SingleImage|Any CPU.ActiveCfg = Release|Any CPU
		{94DD1EE6-2C94-4EF1-BC30-667265BD9D9E}.SingleImage|Any CPU.Build.0 = Release|Any CPU
		{DB36295D-C88A-4B08-96D8-3ECBFFC5A585}.CD_ROM|Any CPU.ActiveCfg = Release|Any CPU
		{DB36295D-C88A-4B08-96D8-3ECBFFC5A585}.CD_ROM|Any CPU.Build.0 = Release|Any CPU
		{DB36295D-C88A-4B08-96D8-3ECBFFC5A585}.Debug|Any CPU.ActiveCfg = Debug|Any CPU
		{DB36295D-C88A-4B08-96D8-3ECBFFC5A585}.Debug|Any CPU.Build.0 = Debug|Any CPU
		{DB36295D-C88A-4B08-96D8-3ECBFFC5A585}.DVD-5|Any CPU.ActiveCfg = Debug|Any CPU
		{DB36295D-C88A-4B08-96D8-3ECBFFC5A585}.DVD-5|Any CPU.Build.0 = Debug|Any CPU
		{DB36295D-C88A-4B08-96D8-3ECBFFC5A585}.Release|Any CPU.ActiveCfg = Release|Any CPU
		{DB36295D-C88A-4B08-96D8-3ECBFFC5A585}.Release|Any CPU.Build.0 = Release|Any CPU
		{DB36295D-C88A-4B08-96D8-3ECBFFC5A585}.SingleImage|Any CPU.ActiveCfg = Release|Any CPU
		{DB36295D-C88A-4B08-96D8-3ECBFFC5A585}.SingleImage|Any CPU.Build.0 = Release|Any CPU
		{5C998A92-46F9-496B-B928-7477AF5CBBD2}.CD_ROM|Any CPU.ActiveCfg = Release|Any CPU
		{5C998A92-46F9-496B-B928-7477AF5CBBD2}.CD_ROM|Any CPU.Build.0 = Release|Any CPU
		{5C998A92-46F9-496B-B928-7477AF5CBBD2}.Debug|Any CPU.ActiveCfg = Debug|Any CPU
		{5C998A92-46F9-496B-B928-7477AF5CBBD2}.Debug|Any CPU.Build.0 = Debug|Any CPU
		{5C998A92-46F9-496B-B928-7477AF5CBBD2}.DVD-5|Any CPU.ActiveCfg = Debug|Any CPU
		{5C998A92-46F9-496B-B928-7477AF5CBBD2}.DVD-5|Any CPU.Build.0 = Debug|Any CPU
		{5C998A92-46F9-496B-B928-7477AF5CBBD2}.Release|Any CPU.ActiveCfg = Release|Any CPU
		{5C998A92-46F9-496B-B928-7477AF5CBBD2}.Release|Any CPU.Build.0 = Release|Any CPU
		{5C998A92-46F9-496B-B928-7477AF5CBBD2}.SingleImage|Any CPU.ActiveCfg = Release|Any CPU
		{5C998A92-46F9-496B-B928-7477AF5CBBD2}.SingleImage|Any CPU.Build.0 = Release|Any CPU
		{E3DA689D-BECF-4B39-AD32-DA27B699167B}.CD_ROM|Any CPU.ActiveCfg = Release|Any CPU
		{E3DA689D-BECF-4B39-AD32-DA27B699167B}.CD_ROM|Any CPU.Build.0 = Release|Any CPU
		{E3DA689D-BECF-4B39-AD32-DA27B699167B}.Debug|Any CPU.ActiveCfg = Debug|Any CPU
		{E3DA689D-BECF-4B39-AD32-DA27B699167B}.Debug|Any CPU.Build.0 = Debug|Any CPU
		{E3DA689D-BECF-4B39-AD32-DA27B699167B}.DVD-5|Any CPU.ActiveCfg = Debug|Any CPU
		{E3DA689D-BECF-4B39-AD32-DA27B699167B}.DVD-5|Any CPU.Build.0 = Debug|Any CPU
		{E3DA689D-BECF-4B39-AD32-DA27B699167B}.Release|Any CPU.ActiveCfg = Release|Any CPU
		{E3DA689D-BECF-4B39-AD32-DA27B699167B}.Release|Any CPU.Build.0 = Release|Any CPU
		{E3DA689D-BECF-4B39-AD32-DA27B699167B}.SingleImage|Any CPU.ActiveCfg = Release|Any CPU
		{E3DA689D-BECF-4B39-AD32-DA27B699167B}.SingleImage|Any CPU.Build.0 = Release|Any CPU
		{23412064-CEE5-4432-973E-7BEE9CD99781}.CD_ROM|Any CPU.ActiveCfg = Release|Any CPU
		{23412064-CEE5-4432-973E-7BEE9CD99781}.CD_ROM|Any CPU.Build.0 = Release|Any CPU
		{23412064-CEE5-4432-973E-7BEE9CD99781}.Debug|Any CPU.ActiveCfg = Debug|Any CPU
		{23412064-CEE5-4432-973E-7BEE9CD99781}.Debug|Any CPU.Build.0 = Debug|Any CPU
		{23412064-CEE5-4432-973E-7BEE9CD99781}.DVD-5|Any CPU.ActiveCfg = Debug|Any CPU
		{23412064-CEE5-4432-973E-7BEE9CD99781}.DVD-5|Any CPU.Build.0 = Debug|Any CPU
		{23412064-CEE5-4432-973E-7BEE9CD99781}.Release|Any CPU.ActiveCfg = Release|Any CPU
		{23412064-CEE5-4432-973E-7BEE9CD99781}.Release|Any CPU.Build.0 = Release|Any CPU
		{23412064-CEE5-4432-973E-7BEE9CD99781}.SingleImage|Any CPU.ActiveCfg = Release|Any CPU
		{23412064-CEE5-4432-973E-7BEE9CD99781}.SingleImage|Any CPU.Build.0 = Release|Any CPU
		{46F7509E-92F2-4DEA-9190-FA86699BD506}.CD_ROM|Any CPU.ActiveCfg = Release|Any CPU
		{46F7509E-92F2-4DEA-9190-FA86699BD506}.CD_ROM|Any CPU.Build.0 = Release|Any CPU
		{46F7509E-92F2-4DEA-9190-FA86699BD506}.Debug|Any CPU.ActiveCfg = Debug|Any CPU
		{46F7509E-92F2-4DEA-9190-FA86699BD506}.Debug|Any CPU.Build.0 = Debug|Any CPU
		{46F7509E-92F2-4DEA-9190-FA86699BD506}.DVD-5|Any CPU.ActiveCfg = Debug|Any CPU
		{46F7509E-92F2-4DEA-9190-FA86699BD506}.DVD-5|Any CPU.Build.0 = Debug|Any CPU
		{46F7509E-92F2-4DEA-9190-FA86699BD506}.Release|Any CPU.ActiveCfg = Release|Any CPU
		{46F7509E-92F2-4DEA-9190-FA86699BD506}.Release|Any CPU.Build.0 = Release|Any CPU
		{46F7509E-92F2-4DEA-9190-FA86699BD506}.SingleImage|Any CPU.ActiveCfg = Release|Any CPU
		{46F7509E-92F2-4DEA-9190-FA86699BD506}.SingleImage|Any CPU.Build.0 = Release|Any CPU
		{F6966710-F330-4B1E-A98F-831CF1BED452}.CD_ROM|Any CPU.ActiveCfg = Release|Any CPU
		{F6966710-F330-4B1E-A98F-831CF1BED452}.CD_ROM|Any CPU.Build.0 = Release|Any CPU
		{F6966710-F330-4B1E-A98F-831CF1BED452}.Debug|Any CPU.ActiveCfg = Debug|Any CPU
		{F6966710-F330-4B1E-A98F-831CF1BED452}.Debug|Any CPU.Build.0 = Debug|Any CPU
		{F6966710-F330-4B1E-A98F-831CF1BED452}.DVD-5|Any CPU.ActiveCfg = Debug|Any CPU
		{F6966710-F330-4B1E-A98F-831CF1BED452}.DVD-5|Any CPU.Build.0 = Debug|Any CPU
		{F6966710-F330-4B1E-A98F-831CF1BED452}.Release|Any CPU.ActiveCfg = Release|Any CPU
		{F6966710-F330-4B1E-A98F-831CF1BED452}.Release|Any CPU.Build.0 = Release|Any CPU
		{F6966710-F330-4B1E-A98F-831CF1BED452}.SingleImage|Any CPU.ActiveCfg = Release|Any CPU
		{F6966710-F330-4B1E-A98F-831CF1BED452}.SingleImage|Any CPU.Build.0 = Release|Any CPU
		{8CC65980-CAD9-40D4-A01B-46AC80FCF273}.CD_ROM|Any CPU.ActiveCfg = Release|Any CPU
		{8CC65980-CAD9-40D4-A01B-46AC80FCF273}.CD_ROM|Any CPU.Build.0 = Release|Any CPU
		{8CC65980-CAD9-40D4-A01B-46AC80FCF273}.Debug|Any CPU.ActiveCfg = Debug|Any CPU
		{8CC65980-CAD9-40D4-A01B-46AC80FCF273}.Debug|Any CPU.Build.0 = Debug|Any CPU
		{8CC65980-CAD9-40D4-A01B-46AC80FCF273}.DVD-5|Any CPU.ActiveCfg = Debug|Any CPU
		{8CC65980-CAD9-40D4-A01B-46AC80FCF273}.DVD-5|Any CPU.Build.0 = Debug|Any CPU
		{8CC65980-CAD9-40D4-A01B-46AC80FCF273}.Release|Any CPU.ActiveCfg = Release|Any CPU
		{8CC65980-CAD9-40D4-A01B-46AC80FCF273}.Release|Any CPU.Build.0 = Release|Any CPU
		{8CC65980-CAD9-40D4-A01B-46AC80FCF273}.SingleImage|Any CPU.ActiveCfg = Release|Any CPU
		{8CC65980-CAD9-40D4-A01B-46AC80FCF273}.SingleImage|Any CPU.Build.0 = Release|Any CPU
	EndGlobalSection
	GlobalSection(SolutionProperties) = preSolution
		HideSolutionNode = FALSE
	EndGlobalSection
	GlobalSection(NestedProjects) = preSolution
		{DB36295D-C88A-4B08-96D8-3ECBFFC5A585} = {B53198A0-4A63-489E-9315-41BCB738E5DE}
		{E3DA689D-BECF-4B39-AD32-DA27B699167B} = {B53198A0-4A63-489E-9315-41BCB738E5DE}
		{23412064-CEE5-4432-973E-7BEE9CD99781} = {B53198A0-4A63-489E-9315-41BCB738E5DE}
		{46F7509E-92F2-4DEA-9190-FA86699BD506} = {B53198A0-4A63-489E-9315-41BCB738E5DE}
		{8CC65980-CAD9-40D4-A01B-46AC80FCF273} = {B53198A0-4A63-489E-9315-41BCB738E5DE}
	EndGlobalSection
EndGlobal
